<Solution>
  <Project Path="CompanyResources.API/CompanyResources.API.csproj" />
  <Project Path="CompanyResources.Shared/CompanyResources.Shared.csproj" />
  <Project Path="CompanyResources.Tests/CompanyResources.Tests.csproj" />
  <Project Path="CompanyResources.UI/CompanyResources.UI.csproj" />
</Solution>
